
Microsoft Visual Studio Solution File, Format Version 12.00
Project("{FAE04EC0-301F-11D3-BF4B-00C04F79EFBC}") = "Reactjs api", "Reactjs api.csproj", "{FCF9C310-28DB-4230-9CC2-4C3B3565489B}"
EndProject
Global
	GlobalSection(SolutionConfigurationPlatforms) = preSolution
		Debug|Any CPU = Debug|Any CPU
		Release|Any CPU = Release|Any CPU
	EndGlobalSection
	GlobalSection(ProjectConfigurationPlatforms) = postSolution
		{FCF9C310-28DB-4230-9CC2-4C3B3565489B}.Debug|Any CPU.ActiveCfg = Debug|Any CPU
		{FCF9C310-28DB-4230-9CC2-4C3B3565489B}.Debug|Any CPU.Build.0 = Debug|Any CPU
		{FCF9C310-28DB-4230-9CC2-4C3B3565489B}.Release|Any CPU.ActiveCfg = Release|Any CPU
		{FCF9C310-28DB-4230-9CC2-4C3B3565489B}.Release|Any CPU.Build.0 = Release|Any CPU
	EndGlobalSection
EndGlobal
